Microsoft Visual Studio Solution File, Format Version 9.00
# Visual Studio 2005
Project("{FAE04EC0-301F-11D3-BF4B-00C04F79EFBC}") = "LIS_Svc", "LIS_Svc.csproj", "{2EAC9DFA-749A-464A-BE0C-C8451AE31891}"
EndProject
Global
	GlobalSection(SourceCodeControl) = preSolution
		SccNumberOfProjects = 2
		SccLocalPath0 = .
		CanCheckoutShared = false
		SccProjectUniqueName1 = LIS_Svc.csproj
		SccLocalPath1 = .
		CanCheckoutShared = false
	EndGlobalSection
	GlobalSection(SolutionConfigurationPlatforms) = preSolution
		Debug|Any CPU = Debug|Any CPU
		Release|Any CPU = Release|Any CPU
	EndGlobalSection
	GlobalSection(ProjectConfigurationPlatforms) = postSolution
		{2EAC9DFA-749A-464A-BE0C-C8451AE31891}.Debug|Any CPU.ActiveCfg = Debug|Any CPU
		{2EAC9DFA-749A-464A-BE0C-C8451AE31891}.Debug|Any CPU.Build.0 = Debug|Any CPU
		{2EAC9DFA-749A-464A-BE0C-C8451AE31891}.Release|Any CPU.ActiveCfg = Release|Any CPU
		{2EAC9DFA-749A-464A-BE0C-C8451AE31891}.Release|Any CPU.Build.0 = Release|Any CPU
	EndGlobalSection
	GlobalSection(SolutionProperties) = preSolution
		HideSolutionNode = FALSE
	EndGlobalSection
EndGlobal
