Microsoft Visual Studio Solution File, Format Version 9.00
# Visual Studio 2005
Project("{FAE04EC0-301F-11D3-BF4B-00C04F79EFBC}") = "Signature_srv", "Signature_srv\Signature_srv.csproj", "{477DCD29-ED78-4752-8AEF-5F8601092430}"
EndProject
Global
	GlobalSection(SourceCodeControl) = preSolution
		SccNumberOfProjects = 2
		SccLocalPath0 = .
		CanCheckoutShared = false
		SccProjectUniqueName1 = Signature_srv\\Signature_srv.csproj
		SccLocalPath1 = .
		CanCheckoutShared = false
		SccProjectFilePathRelativizedFromConnection1 = Signature_srv\\
	EndGlobalSection
	GlobalSection(SolutionConfigurationPlatforms) = preSolution
		Debug|Any CPU = Debug|Any CPU
		Release|Any CPU = Release|Any CPU
	EndGlobalSection
	GlobalSection(ProjectConfigurationPlatforms) = postSolution
		{477DCD29-ED78-4752-8AEF-5F8601092430}.Debug|Any CPU.ActiveCfg = Debug|Any CPU
		{477DCD29-ED78-4752-8AEF-5F8601092430}.Debug|Any CPU.Build.0 = Debug|Any CPU
		{477DCD29-ED78-4752-8AEF-5F8601092430}.Release|Any CPU.ActiveCfg = Release|Any CPU
		{477DCD29-ED78-4752-8AEF-5F8601092430}.Release|Any CPU.Build.0 = Release|Any CPU
	EndGlobalSection
	GlobalSection(SolutionProperties) = preSolution
		HideSolutionNode = FALSE
	EndGlobalSection
EndGlobal
