
Microsoft Visual Studio Solution File, Format Version 10.00
# Visual Studio 2008
Project("{FAE04EC0-301F-11D3-BF4B-00C04F79EFBC}") = "HISReportZY_SVC", "HISReportZY_SVC.csproj", "{98E2C488-A878-48C1-8F28-8A2703C10B93}"
EndProject
Project("{FAE04EC0-301F-11D3-BF4B-00C04F79EFBC}") = "HISReportZY", "..\..\GUI\HISReportZY\HISReportZY.csproj", "{B031C4A2-FC5E-4F18-B8B0-79EE331E1936}"
EndProject
Global
	GlobalSection(SolutionConfigurationPlatforms) = preSolution
		Debug|Any CPU = Debug|Any CPU
		Release|Any CPU = Release|Any CPU
	EndGlobalSection
	GlobalSection(ProjectConfigurationPlatforms) = postSolution
		{98E2C488-A878-48C1-8F28-8A2703C10B93}.Debug|Any CPU.ActiveCfg = Debug|Any CPU
		{98E2C488-A878-48C1-8F28-8A2703C10B93}.Debug|Any CPU.Build.0 = Debug|Any CPU
		{98E2C488-A878-48C1-8F28-8A2703C10B93}.Release|Any CPU.ActiveCfg = Release|Any CPU
		{98E2C488-A878-48C1-8F28-8A2703C10B93}.Release|Any CPU.Build.0 = Release|Any CPU
		{B031C4A2-FC5E-4F18-B8B0-79EE331E1936}.Debug|Any CPU.ActiveCfg = Debug|Any CPU
		{B031C4A2-FC5E-4F18-B8B0-79EE331E1936}.Debug|Any CPU.Build.0 = Debug|Any CPU
		{B031C4A2-FC5E-4F18-B8B0-79EE331E1936}.Release|Any CPU.ActiveCfg = Release|Any CPU
		{B031C4A2-FC5E-4F18-B8B0-79EE331E1936}.Release|Any CPU.Build.0 = Release|Any CPU
	EndGlobalSection
	GlobalSection(SolutionProperties) = preSolution
		HideSolutionNode = FALSE
	EndGlobalSection
EndGlobal
