
Microsoft Visual Studio Solution File, Format Version 9.00
# Visual Studio 2005
Project("{FAE04EC0-301F-11D3-BF4B-00C04F79EFBC}") = "HISZY_SVC", "HISZY_SVC.csproj", "{30CE27B2-BFF9-471F-8966-87744304049E}"
EndProject
Global
	GlobalSection(SourceCodeControl) = preSolution
		SccNumberOfProjects = 2
		SccLocalPath0 = .
		CanCheckoutShared = false
		SccProjectUniqueName1 = HISZY_SVC.csproj
		SccLocalPath1 = .
		CanCheckoutShared = false
	EndGlobalSection
	GlobalSection(SolutionConfigurationPlatforms) = preSolution
		Debug|Any CPU = Debug|Any CPU
		Release|Any CPU = Release|Any CPU
	EndGlobalSection
	GlobalSection(ProjectConfigurationPlatforms) = postSolution
		{30CE27B2-BFF9-471F-8966-87744304049E}.Debug|Any CPU.ActiveCfg = Debug|Any CPU
		{30CE27B2-BFF9-471F-8966-87744304049E}.Debug|Any CPU.Build.0 = Debug|Any CPU
		{30CE27B2-BFF9-471F-8966-87744304049E}.Release|Any CPU.ActiveCfg = Release|Any CPU
		{30CE27B2-BFF9-471F-8966-87744304049E}.Release|Any CPU.Build.0 = Release|Any CPU
	EndGlobalSection
	GlobalSection(SolutionProperties) = preSolution
		HideSolutionNode = FALSE
	EndGlobalSection
EndGlobal
