Microsoft Visual Studio Solution File, Format Version 9.00
# Visual Studio 2005
Project("{FAE04EC0-301F-11D3-BF4B-00C04F79EFBC}") = "BIHOrderService", "BIHOrderService.csproj", "{35463A6D-645E-41DB-A5CD-E166FB1456B3}"
EndProject
Global
	GlobalSection(SourceCodeControl) = preSolution
		SccNumberOfProjects = 2
		SccLocalPath0 = .
		CanCheckoutShared = false
		SccProjectUniqueName1 = BIHOrderService.csproj
		SccLocalPath1 = .
		CanCheckoutShared = false
	EndGlobalSection
	GlobalSection(SolutionConfigurationPlatforms) = preSolution
		Debug|Any CPU = Debug|Any CPU
		Release|Any CPU = Release|Any CPU
	EndGlobalSection
	GlobalSection(ProjectConfigurationPlatforms) = postSolution
		{35463A6D-645E-41DB-A5CD-E166FB1456B3}.Debug|Any CPU.ActiveCfg = Debug|Any CPU
		{35463A6D-645E-41DB-A5CD-E166FB1456B3}.Debug|Any CPU.Build.0 = Debug|Any CPU
		{35463A6D-645E-41DB-A5CD-E166FB1456B3}.Release|Any CPU.ActiveCfg = Release|Any CPU
		{35463A6D-645E-41DB-A5CD-E166FB1456B3}.Release|Any CPU.Build.0 = Release|Any CPU
	EndGlobalSection
	GlobalSection(SolutionProperties) = preSolution
		HideSolutionNode = FALSE
	EndGlobalSection
EndGlobal
