Microsoft Visual Studio Solution File, Format Version 10.00
# Visual Studio 2008
Project("{FAE04EC0-301F-11D3-BF4B-00C04F79EFBC}") = "BeInHospital", "BeInHospital.csproj", "{64325071-7D7F-47C5-8305-05A748C6330B}"
EndProject
Project("{FAE04EC0-301F-11D3-BF4B-00C04F79EFBC}") = "HISBeInHospital_Svc", "..\..\DLL\HISBeInHospital_Svc\HISBeInHospital_Svc.csproj", "{49DE7257-3185-4353-A360-336A09A823DC}"
EndProject
Global
	GlobalSection(SolutionConfigurationPlatforms) = preSolution
		Debug|Any CPU = Debug|Any CPU
		Release|Any CPU = Release|Any CPU
	EndGlobalSection
	GlobalSection(ProjectConfigurationPlatforms) = postSolution
		{64325071-7D7F-47C5-8305-05A748C6330B}.Debug|Any CPU.ActiveCfg = Debug|Any CPU
		{64325071-7D7F-47C5-8305-05A748C6330B}.Debug|Any CPU.Build.0 = Debug|Any CPU
		{64325071-7D7F-47C5-8305-05A748C6330B}.Release|Any CPU.ActiveCfg = Release|Any CPU
		{64325071-7D7F-47C5-8305-05A748C6330B}.Release|Any CPU.Build.0 = Release|Any CPU
		{49DE7257-3185-4353-A360-336A09A823DC}.Debug|Any CPU.ActiveCfg = Debug|Any CPU
		{49DE7257-3185-4353-A360-336A09A823DC}.Debug|Any CPU.Build.0 = Debug|Any CPU
		{49DE7257-3185-4353-A360-336A09A823DC}.Release|Any CPU.ActiveCfg = Release|Any CPU
		{49DE7257-3185-4353-A360-336A09A823DC}.Release|Any CPU.Build.0 = Release|Any CPU
	EndGlobalSection
	GlobalSection(SolutionProperties) = preSolution
		HideSolutionNode = FALSE
	EndGlobalSection
EndGlobal
